// !$*UTF8*$!
{
	archiveVersion = 1;
	classes = {
	};
	objectVersion = 51;
	objects = {

/* Begin PBXBuildFile section */
		13591ABDC80F54A9A4565D0D /* Pods_KakaoTalkCopyRe.framework in Frameworks */ = {isa = PBXBuildFile; fileRef = 94FFD8600951265B97863439 /* Pods_KakaoTalkCopyRe.framework */; };
		4D00AEC624AB217300DE589B /* GoogleService-Info.plist in Resources */ = {isa = PBXBuildFile; fileRef = 4D00AEC524AB217300DE589B /* GoogleService-Info.plist */; };
		4D00AEC824AB29BE00DE589B /* SignInViewController.swift in Sources */ = {isa = PBXBuildFile; fileRef = 4D00AEC724AB29BE00DE589B /* SignInViewController.swift */; };
		4D00AECA24AB29D300DE589B /* SignUpViewController.swift in Sources */ = {isa = PBXBuildFile; fileRef = 4D00AEC924AB29D300DE589B /* SignUpViewController.swift */; };
		4D00AECF24AB3FAE00DE589B /* FriendsViewController.swift in Sources */ = {isa = PBXBuildFile; fileRef = 4D00AECE24AB3FAE00DE589B /* FriendsViewController.swift */; };
		4D26AEE824AB19CB00003272 /* AppDelegate.swift in Sources */ = {isa = PBXBuildFile; fileRef = 4D26AEE724AB19CB00003272 /* AppDelegate.swift */; };
		4D26AEEA24AB19CB00003272 /* SceneDelegate.swift in Sources */ = {isa = PBXBuildFile; fileRef = 4D26AEE924AB19CB00003272 /* SceneDelegate.swift */; };
		4D26AEEC24AB19CB00003272 /* ViewController.swift in Sources */ = {isa = PBXBuildFile; fileRef = 4D26AEEB24AB19CB00003272 /* ViewController.swift */; };
		4D26AEEF24AB19CB00003272 /* Main.storyboard in Resources */ = {isa = PBXBuildFile; fileRef = 4D26AEED24AB19CB00003272 /* Main.storyboard */; };
		4D26AEF124AB19CC00003272 /* Assets.xcassets in Resources */ = {isa = PBXBuildFile; fileRef = 4D26AEF024AB19CC00003272 /* Assets.xcassets */; };
		4D26AEF424AB19CC00003272 /* LaunchScreen.storyboard in Resources */ = {isa = PBXBuildFile; fileRef = 4D26AEF224AB19CC00003272 /* LaunchScreen.storyboard */; };
		4D3E34C324ADC15B0049353C /* ChatroomViewController.swift in Sources */ = {isa = PBXBuildFile; fileRef = 4D3E34C224ADC15B0049353C /* ChatroomViewController.swift */; };
		4D677A8F24ADCD40001E12EE /* GroupChatroomViewController.swift in Sources */ = {isa = PBXBuildFile; fileRef = 4D677A8E24ADCD40001E12EE /* GroupChatroomViewController.swift */; };
		4DA4712424AC09C000E305CB /* UserModel.swift in Sources */ = {isa = PBXBuildFile; fileRef = 4DA4712324AC09BF00E305CB /* UserModel.swift */; };
		4DA4712624AC0E3F00E305CB /* ChatsViewController.swift in Sources */ = {isa = PBXBuildFile; fileRef = 4DA4712524AC0E3F00E305CB /* ChatsViewController.swift */; };
		4DA4712824AC0EA700E305CB /* MoreViewController.swift in Sources */ = {isa = PBXBuildFile; fileRef = 4DA4712724AC0EA700E305CB /* MoreViewController.swift */; };
		4DA4712B24AC1DAD00E305CB /* ProfileViewController.swift in Sources */ = {isa = PBXBuildFile; fileRef = 4DA4712A24AC1DAD00E305CB /* ProfileViewController.swift */; };
		4DA4712D24AC3F5600E305CB /* PersonalChatViewController.swift in Sources */ = {isa = PBXBuildFile; fileRef = 4DA4712C24AC3F5600E305CB /* PersonalChatViewController.swift */; };
		4DB33D2224AC476200DDD97C /* ChatModel.swift in Sources */ = {isa = PBXBuildFile; fileRef = 4DB33D2124AC476200DDD97C /* ChatModel.swift */; };
/* End PBXBuildFile section */

/* Begin PBXFileReference section */
		4D00AEC524AB217300DE589B /* GoogleService-Info.plist */ = {isa = PBXFileReference; fileEncoding = 4; lastKnownFileType = text.plist.xml; path = "GoogleService-Info.plist"; sourceTree = "<group>"; };
		4D00AEC724AB29BE00DE589B /* SignInViewController.swift */ = {isa = PBXFileReference; lastKnownFileType = sourcecode.swift; path = SignInViewController.swift; sourceTree = "<group>"; };
		4D00AEC924AB29D300DE589B /* SignUpViewController.swift */ = {isa = PBXFileReference; lastKnownFileType = sourcecode.swift; path = SignUpViewController.swift; sourceTree = "<group>"; };
		4D00AECE24AB3FAE00DE589B /* FriendsViewController.swift */ = {isa = PBXFileReference; lastKnownFileType = sourcecode.swift; path = FriendsViewController.swift; sourceTree = "<group>"; };
		4D26AEE424AB19CB00003272 /* KakaoTalkCopyRe.app */ = {isa = PBXFileReference; explicitFileType = wrapper.application; includeInIndex = 0; path = KakaoTalkCopyRe.app; sourceTree = BUILT_PRODUCTS_DIR; };
		4D26AEE724AB19CB00003272 /* AppDelegate.swift */ = {isa = PBXFileReference; lastKnownFileType = sourcecode.swift; path = AppDelegate.swift; sourceTree = "<group>"; };
		4D26AEE924AB19CB00003272 /* SceneDelegate.swift */ = {isa = PBXFileReference; lastKnownFileType = sourcecode.swift; path = SceneDelegate.swift; sourceTree = "<group>"; };
		4D26AEEB24AB19CB00003272 /* ViewController.swift */ = {isa = PBXFileReference; lastKnownFileType = sourcecode.swift; path = ViewController.swift; sourceTree = "<group>"; };
		4D26AEEE24AB19CB00003272 /* Base */ = {isa = PBXFileReference; lastKnownFileType = file.storyboard; name = Base; path = Base.lproj/Main.storyboard; sourceTree = "<group>"; };
		4D26AEF024AB19CC00003272 /* Assets.xcassets */ = {isa = PBXFileReference; lastKnownFileType = folder.assetcatalog; path = Assets.xcassets; sourceTree = "<group>"; };
		4D26AEF324AB19CC00003272 /* Base */ = {isa = PBXFileReference; lastKnownFileType = file.storyboard; name = Base; path = Base.lproj/LaunchScreen.storyboard; sourceTree = "<group>"; };
		4D26AEF524AB19CC00003272 /* Info.plist */ = {isa = PBXFileReference; lastKnownFileType = text.plist.xml; path = Info.plist; sourceTree = "<group>"; };
		4D3E34C224ADC15B0049353C /* ChatroomViewController.swift */ = {isa = PBXFileReference; lastKnownFileType = sourcecode.swift; path = ChatroomViewController.swift; sourceTree = "<group>"; };
		4D677A8E24ADCD40001E12EE /* GroupChatroomViewController.swift */ = {isa = PBXFileReference; lastKnownFileType = sourcecode.swift; path = GroupChatroomViewController.swift; sourceTree = "<group>"; };
		4DA4712324AC09BF00E305CB /* UserModel.swift */ = {isa = PBXFileReference; lastKnownFileType = sourcecode.swift; path = UserModel.swift; sourceTree = "<group>"; };
		4DA4712524AC0E3F00E305CB /* ChatsViewController.swift */ = {isa = PBXFileReference; lastKnownFileType = sourcecode.swift; path = ChatsViewController.swift; sourceTree = "<group>"; };
		4DA4712724AC0EA700E305CB /* MoreViewController.swift */ = {isa = PBXFileReference; lastKnownFileType = sourcecode.swift; path = MoreViewController.swift; sourceTree = "<group>"; };
		4DA4712A24AC1DAD00E305CB /* ProfileViewController.swift */ = {isa = PBXFileReference; lastKnownFileType = sourcecode.swift; path = ProfileViewController.swift; sourceTree = "<group>"; };
		4DA4712C24AC3F5600E305CB /* PersonalChatViewController.swift */ = {isa = PBXFileReference; lastKnownFileType = sourcecode.swift; path = PersonalChatViewController.swift; sourceTree = "<group>"; };
		4DB33D2124AC476200DDD97C /* ChatModel.swift */ = {isa = PBXFileReference; lastKnownFileType = sourcecode.swift; path = ChatModel.swift; sourceTree = "<group>"; };
		94FFD8600951265B97863439 /* Pods_KakaoTalkCopyRe.framework */ = {isa = PBXFileReference; explicitFileType = wrapper.framework; includeInIndex = 0; path = Pods_KakaoTalkCopyRe.framework; sourceTree = BUILT_PRODUCTS_DIR; };
		BFD4B84450BF7C86785B489A /* Pods-KakaoTalkCopyRe.release.xcconfig */ = {isa = PBXFileReference; includeInIndex = 1; lastKnownFileType = text.xcconfig; name = "Pods-KakaoTalkCopyRe.release.xcconfig"; path = "Target Support Files/Pods-KakaoTalkCopyRe/Pods-KakaoTalkCopyRe.release.xcconfig"; sourceTree = "<group>"; };
		E2D863CA6A93856525271B43 /* Pods-KakaoTalkCopyRe.debug.xcconfig */ = {isa = PBXFileReference; includeInIndex = 1; lastKnownFileType = text.xcconfig; name = "Pods-KakaoTalkCopyRe.debug.xcconfig"; path = "Target Support Files/Pods-KakaoTalkCopyRe/Pods-KakaoTalkCopyRe.debug.xcconfig"; sourceTree = "<group>"; };
/* End PBXFileReference section */

/* Begin PBXFrameworksBuildPhase section */
		4D26AEE124AB19CB00003272 /* Frameworks */ = {
			isa = PBXFrameworksBuildPhase;
			buildActionMask = 2147483647;
			files = (
				13591ABDC80F54A9A4565D0D /* Pods_KakaoTalkCopyRe.framework in Frameworks */,
			);
			runOnlyForDeploymentPostprocessing = 0;
		};
/* End PBXFrameworksBuildPhase section */

/* Begin PBXGroup section */
		109433689C892F32BAE685DA /* Frameworks */ = {
			isa = PBXGroup;
			children = (
				94FFD8600951265B97863439 /* Pods_KakaoTalkCopyRe.framework */,
			);
			name = Frameworks;
			sourceTree = "<group>";
		};
		4D00AECB24AB3EAA00DE589B /* TabBar */ = {
			isa = PBXGroup;
			children = (
				4D00AECE24AB3FAE00DE589B /* FriendsViewController.swift */,
				4DA4712524AC0E3F00E305CB /* ChatsViewController.swift */,
				4DA4712724AC0EA700E305CB /* MoreViewController.swift */,
			);
			path = TabBar;
			sourceTree = "<group>";
		};
		4D26AEDB24AB19CA00003272 = {
			isa = PBXGroup;
			children = (
				4D26AEE624AB19CB00003272 /* KakaoTalkCopyRe */,
				4D26AEE524AB19CB00003272 /* Products */,
				9A07BA2DA41662A57879F945 /* Pods */,
				109433689C892F32BAE685DA /* Frameworks */,
			);
			sourceTree = "<group>";
		};
		4D26AEE524AB19CB00003272 /* Products */ = {
			isa = PBXGroup;
			children = (
				4D26AEE424AB19CB00003272 /* KakaoTalkCopyRe.app */,
			);
			name = Products;
			sourceTree = "<group>";
		};
		4D26AEE624AB19CB00003272 /* KakaoTalkCopyRe */ = {
			isa = PBXGroup;
			children = (
				4DA4712924AC1D9800E305CB /* Friends */,
				4DA4712224AC09A000E305CB /* Model */,
				4D00AECB24AB3EAA00DE589B /* TabBar */,
				4D00AEC524AB217300DE589B /* GoogleService-Info.plist */,
				4D26AEE724AB19CB00003272 /* AppDelegate.swift */,
				4D26AEE924AB19CB00003272 /* SceneDelegate.swift */,
				4D26AEEB24AB19CB00003272 /* ViewController.swift */,
				4D26AEED24AB19CB00003272 /* Main.storyboard */,
				4D26AEF024AB19CC00003272 /* Assets.xcassets */,
				4D26AEF224AB19CC00003272 /* LaunchScreen.storyboard */,
				4D26AEF524AB19CC00003272 /* Info.plist */,
				4D00AEC724AB29BE00DE589B /* SignInViewController.swift */,
				4D00AEC924AB29D300DE589B /* SignUpViewController.swift */,
				4DA4712C24AC3F5600E305CB /* PersonalChatViewController.swift */,
				4D3E34C224ADC15B0049353C /* ChatroomViewController.swift */,
				4D677A8E24ADCD40001E12EE /* GroupChatroomViewController.swift */,
			);
			path = KakaoTalkCopyRe;
			sourceTree = "<group>";
		};
		4DA4712224AC09A000E305CB /* Model */ = {
			isa = PBXGroup;
			children = (
				4DA4712324AC09BF00E305CB /* UserModel.swift */,
				4DB33D2124AC476200DDD97C /* ChatModel.swift */,
			);
			path = Model;
			sourceTree = "<group>";
		};
		4DA4712924AC1D9800E305CB /* Friends */ = {
			isa = PBXGroup;
			children = (
				4DA4712A24AC1DAD00E305CB /* ProfileViewController.swift */,
			);
			path = Friends;
			sourceTree = "<group>";
		};
		9A07BA2DA41662A57879F945 /* Pods */ = {
			isa = PBXGroup;
			children = (
				E2D863CA6A93856525271B43 /* Pods-KakaoTalkCopyRe.debug.xcconfig */,
				BFD4B84450BF7C86785B489A /* Pods-KakaoTalkCopyRe.release.xcconfig */,
			);
			path = Pods;
			sourceTree = "<group>";
		};
/* End PBXGroup section */

/* Begin PBXNativeTarget section */
		4D26AEE324AB19CB00003272 /* KakaoTalkCopyRe */ = {
			isa = PBXNativeTarget;
			buildConfigurationList = 4D26AEF824AB19CC00003272 /* Build configuration list for PBXNativeTarget "KakaoTalkCopyRe" */;
			buildPhases = (
				E9A197C3CB83B38855489C37 /* [CP] Check Pods Manifest.lock */,
				4D26AEE024AB19CB00003272 /* Sources */,
				4D26AEE124AB19CB00003272 /* Frameworks */,
				4D26AEE224AB19CB00003272 /* Resources */,
				6E4513BD298A0117FD595D90 /* [CP] Embed Pods Frameworks */,
			);
			buildRules = (
			);
			dependencies = (
			);
			name = KakaoTalkCopyRe;
			productName = KakaoTalkCopyRe;
			productReference = 4D26AEE424AB19CB00003272 /* KakaoTalkCopyRe.app */;
			productType = "com.apple.product-type.application";
		};
/* End PBXNativeTarget section */

/* Begin PBXProject section */
		4D26AEDC24AB19CB00003272 /* Project object */ = {
			isa = PBXProject;
			attributes = {
				LastSwiftUpdateCheck = 1150;
				LastUpgradeCheck = 1150;
				ORGANIZATIONNAME = Alphachip;
				TargetAttributes = {
					4D26AEE324AB19CB00003272 = {
						CreatedOnToolsVersion = 11.5;
					};
				};
			};
			buildConfigurationList = 4D26AEDF24AB19CB00003272 /* Build configuration list for PBXProject "KakaoTalkCopyRe" */;
			compatibilityVersion = "Xcode 9.3";
			developmentRegion = en;
			hasScannedForEncodings = 0;
			knownRegions = (
				en,
				Base,
			);
			mainGroup = 4D26AEDB24AB19CA00003272;
			productRefGroup = 4D26AEE524AB19CB00003272 /* Products */;
			projectDirPath = "";
			projectRoot = "";
			targets = (
				4D26AEE324AB19CB00003272 /* KakaoTalkCopyRe */,
			);
		};
/* End PBXProject section */

/* Begin PBXResourcesBuildPhase section */
		4D26AEE224AB19CB00003272 /* Resources */ = {
			isa = PBXResourcesBuildPhase;
			buildActionMask = 2147483647;
			files = (
				4D26AEF424AB19CC00003272 /* LaunchScreen.storyboard in Resources */,
				4D00AEC624AB217300DE589B /* GoogleService-Info.plist in Resources */,
				4D26AEF124AB19CC00003272 /* Assets.xcassets in Resources */,
				4D26AEEF24AB19CB00003272 /* Main.storyboard in Resources */,
			);
			runOnlyForDeploymentPostprocessing = 0;
		};
/* End PBXResourcesBuildPhase section */

/* Begin PBXShellScriptBuildPhase section */
		6E4513BD298A0117FD595D90 /* [CP] Embed Pods Frameworks */ = {
			isa = PBXShellScriptBuildPhase;
			buildActionMask = 2147483647;
			files = (
			);
			inputFileListPaths = (
				"${PODS_ROOT}/Target Support Files/Pods-KakaoTalkCopyRe/Pods-KakaoTalkCopyRe-frameworks-${CONFIGURATION}-input-files.xcfilelist",
			);
			name = "[CP] Embed Pods Frameworks";
			outputFileListPaths = (
				"${PODS_ROOT}/Target Support Files/Pods-KakaoTalkCopyRe/Pods-KakaoTalkCopyRe-frameworks-${CONFIGURATION}-output-files.xcfilelist",
			);
			runOnlyForDeploymentPostprocessing = 0;
			shellPath = /bin/sh;
			shellScript = "\"${PODS_ROOT}/Target Support Files/Pods-KakaoTalkCopyRe/Pods-KakaoTalkCopyRe-frameworks.sh\"\n";
			showEnvVarsInLog = 0;
		};
		E9A197C3CB83B38855489C37 /* [CP] Check Pods Manifest.lock */ = {
			isa = PBXShellScriptBuildPhase;
			buildActionMask = 2147483647;
			files = (
			);
			inputFileListPaths = (
			);
			inputPaths = (
				"${PODS_PODFILE_DIR_PATH}/Podfile.lock",
				"${PODS_ROOT}/Manifest.lock",
			);
			name = "[CP] Check Pods Manifest.lock";
			outputFileListPaths = (
			);
			outputPaths = (
				"$(DERIVED_FILE_DIR)/Pods-KakaoTalkCopyRe-checkManifestLockResult.txt",
			);
			runOnlyForDeploymentPostprocessing = 0;
			shellPath = /bin/sh;
			shellScript = "diff \"${PODS_PODFILE_DIR_PATH}/Podfile.lock\" \"${PODS_ROOT}/Manifest.lock\" > /dev/null\nif [ $? != 0 ] ; then\n    # print error to STDERR\n    echo \"error: The sandbox is not in sync with the Podfile.lock. Run 'pod install' or update your CocoaPods installation.\" >&2\n    exit 1\nfi\n# This output is used by Xcode 'outputs' to avoid re-running this script phase.\necho \"SUCCESS\" > \"${SCRIPT_OUTPUT_FILE_0}\"\n";
			showEnvVarsInLog = 0;
		};
/* End PBXShellScriptBuildPhase section */

/* Begin PBXSourcesBuildPhase section */
		4D26AEE024AB19CB00003272 /* Sources */ = {
			isa = PBXSourcesBuildPhase;
			buildActionMask = 2147483647;
			files = (
				4DA4712824AC0EA700E305CB /* MoreViewController.swift in Sources */,
				4D00AEC824AB29BE00DE589B /* SignInViewController.swift in Sources */,
				4DA4712424AC09C000E305CB /* UserModel.swift in Sources */,
				4DA4712B24AC1DAD00E305CB /* ProfileViewController.swift in Sources */,
				4D26AEEC24AB19CB00003272 /* ViewController.swift in Sources */,
				4D677A8F24ADCD40001E12EE /* GroupChatroomViewController.swift in Sources */,
				4D26AEE824AB19CB00003272 /* AppDelegate.swift in Sources */,
				4D26AEEA24AB19CB00003272 /* SceneDelegate.swift in Sources */,
				4D00AECF24AB3FAE00DE589B /* FriendsViewController.swift in Sources */,
				4DA4712624AC0E3F00E305CB /* ChatsViewController.swift in Sources */,
				4DA4712D24AC3F5600E305CB /* PersonalChatViewController.swift in Sources */,
				4D00AECA24AB29D300DE589B /* SignUpViewController.swift in Sources */,
				4D3E34C324ADC15B0049353C /* ChatroomViewController.swift in Sources */,
				4DB33D2224AC476200DDD97C /* ChatModel.swift in Sources */,
			);
			runOnlyForDeploymentPostprocessing = 0;
		};
/* End PBXSourcesBuildPhase section */

/* Begin PBXVariantGroup section */
		4D26AEED24AB19CB00003272 /* Main.storyboard */ = {
			isa = PBXVariantGroup;
			children = (
				4D26AEEE24AB19CB00003272 /* Base */,
			);
			name = Main.storyboard;
			sourceTree = "<group>";
		};
		4D26AEF224AB19CC00003272 /* LaunchScreen.storyboard */ = {
			isa = PBXVariantGroup;
			children = (
				4D26AEF324AB19CC00003272 /* Base */,
			);
			name = LaunchScreen.storyboard;
			sourceTree = "<group>";
		};
/* End PBXVariantGroup section */

/* Begin XCBuildConfiguration section */
		4D26AEF624AB19CC00003272 /* Debug */ = {
			isa = XCBuildConfiguration;
			buildSettings = {
				ALWAYS_SEARCH_USER_PATHS = NO;
				CLANG_ANALYZER_NONNULL = YES;
				CLANG_ANALYZER_NUMBER_OBJECT_CONVERSION = YES_AGGRESSIVE;
				CLANG_CXX_LANGUAGE_STANDARD = "gnu++14";
				CLANG_CXX_LIBRARY = "libc++";
				CLANG_ENABLE_MODULES = YES;
				CLANG_ENABLE_OBJC_ARC = YES;
				CLANG_ENABLE_OBJC_WEAK = YES;
				CLANG_WARN_BLOCK_CAPTURE_AUTORELEASING = YES;
				CLANG_WARN_BOOL_CONVERSION = YES;
				CLANG_WARN_COMMA = YES;
				CLANG_WARN_CONSTANT_CONVERSION = YES;
				CLANG_WARN_DEPRECATED_OBJC_IMPLEMENTATIONS = YES;
				CLANG_WARN_DIRECT_OBJC_ISA_USAGE = YES_ERROR;
				CLANG_WARN_DOCUMENTATION_COMMENTS = YES;
				CLANG_WARN_EMPTY_BODY = YES;
				CLANG_WARN_ENUM_CONVERSION = YES;
				CLANG_WARN_INFINITE_RECURSION = YES;
				CLANG_WARN_INT_CONVERSION = YES;
				CLANG_WARN_NON_LITERAL_NULL_CONVERSION = YES;
				CLANG_WARN_OBJC_IMPLICIT_RETAIN_SELF = YES;
				CLANG_WARN_OBJC_LITERAL_CONVERSION = YES;
				CLANG_WARN_OBJC_ROOT_CLASS = YES_ERROR;
				CLANG_WARN_RANGE_LOOP_ANALYSIS = YES;
				CLANG_WARN_STRICT_PROTOTYPES = YES;
				CLANG_WARN_SUSPICIOUS_MOVE = YES;
				CLANG_WARN_UNGUARDED_AVAILABILITY = YES_AGGRESSIVE;
				CLANG_WARN_UNREACHABLE_CODE = YES;
				CLANG_WARN__DUPLICATE_METHOD_MATCH = YES;
				COPY_PHASE_STRIP = NO;
				DEBUG_INFORMATION_FORMAT = dwarf;
				ENABLE_STRICT_OBJC_MSGSEND = YES;
				ENABLE_TESTABILITY = YES;
				GCC_C_LANGUAGE_STANDARD = gnu11;
				GCC_DYNAMIC_NO_PIC = NO;
				GCC_NO_COMMON_BLOCKS = YES;
				GCC_OPTIMIZATION_LEVEL = 0;
				GCC_PREPROCESSOR_DEFINITIONS = (
					"DEBUG=1",
					"$(inherited)",
				);
				GCC_WARN_64_TO_32_BIT_CONVERSION = YES;
				GCC_WARN_ABOUT_RETURN_TYPE = YES_ERROR;
				GCC_WARN_UNDECLARED_SELECTOR = YES;
				GCC_WARN_UNINITIALIZED_AUTOS = YES_AGGRESSIVE;
				GCC_WARN_UNUSED_FUNCTION = YES;
				GCC_WARN_UNUSED_VARIABLE = YES;
				IPHONEOS_DEPLOYMENT_TARGET = 13.5;
				MTL_ENABLE_DEBUG_INFO = INCLUDE_SOURCE;
				MTL_FAST_MATH = YES;
				ONLY_ACTIVE_ARCH = YES;
				SDKROOT = iphoneos;
				SWIFT_ACTIVE_COMPILATION_CONDITIONS = DEBUG;
				SWIFT_OPTIMIZATION_LEVEL = "-Onone";
			};
			name = Debug;
		};
		4D26AEF724AB19CC00003272 /* Release */ = {
			isa = XCBuildConfiguration;
			buildSettings = {
				ALWAYS_SEARCH_USER_PATHS = NO;
				CLANG_ANALYZER_NONNULL = YES;
				CLANG_ANALYZER_NUMBER_OBJECT_CONVERSION = YES_AGGRESSIVE;
				CLANG_CXX_LANGUAGE_STANDARD = "gnu++14";
				CLANG_CXX_LIBRARY = "libc++";
				CLANG_ENABLE_MODULES = YES;
				CLANG_ENABLE_OBJC_ARC = YES;
				CLANG_ENABLE_OBJC_WEAK = YES;
				CLANG_WARN_BLOCK_CAPTURE_AUTORELEASING = YES;
				CLANG_WARN_BOOL_CONVERSION = YES;
				CLANG_WARN_COMMA = YES;
				CLANG_WARN_CONSTANT_CONVERSION = YES;
				CLANG_WARN_DEPRECATED_OBJC_IMPLEMENTATIONS = YES;
				CLANG_WARN_DIRECT_OBJC_ISA_USAGE = YES_ERROR;
				CLANG_WARN_DOCUMENTATION_COMMENTS = YES;
				CLANG_WARN_EMPTY_BODY = YES;
				CLANG_WARN_ENUM_CONVERSION = YES;
				CLANG_WARN_INFINITE_RECURSION = YES;
				CLANG_WARN_INT_CONVERSION = YES;
				CLANG_WARN_NON_LITERAL_NULL_CONVERSION = YES;
				CLANG_WARN_OBJC_IMPLICIT_RETAIN_SELF = YES;
				CLANG_WARN_OBJC_LITERAL_CONVERSION = YES;
				CLANG_WARN_OBJC_ROOT_CLASS = YES_ERROR;
				CLANG_WARN_RANGE_LOOP_ANALYSIS = YES;
				CLANG_WARN_STRICT_PROTOTYPES = YES;
				CLANG_WARN_SUSPICIOUS_MOVE = YES;
				CLANG_WARN_UNGUARDED_AVAILABILITY = YES_AGGRESSIVE;
				CLANG_WARN_UNREACHABLE_CODE = YES;
				CLANG_WARN__DUPLICATE_METHOD_MATCH = YES;
				COPY_PHASE_STRIP = NO;
				DEBUG_INFORMATION_FORMAT = "dwarf-with-dsym";
				ENABLE_NS_ASSERTIONS = NO;
				ENABLE_STRICT_OBJC_MSGSEND = YES;
				GCC_C_LANGUAGE_STANDARD = gnu11;
				GCC_NO_COMMON_BLOCKS = YES;
				GCC_WARN_64_TO_32_BIT_CONVERSION = YES;
				GCC_WARN_ABOUT_RETURN_TYPE = YES_ERROR;
				GCC_WARN_UNDECLARED_SELECTOR = YES;
				GCC_WARN_UNINITIALIZED_AUTOS = YES_AGGRESSIVE;
				GCC_WARN_UNUSED_FUNCTION = YES;
				GCC_WARN_UNUSED_VARIABLE = YES;
				IPHONEOS_DEPLOYMENT_TARGET = 13.5;
				MTL_ENABLE_DEBUG_INFO = NO;
				MTL_FAST_MATH = YES;
				SDKROOT = iphoneos;
				SWIFT_COMPILATION_MODE = wholemodule;
				SWIFT_OPTIMIZATION_LEVEL = "-O";
				VALIDATE_PRODUCT = YES;
			};
			name = Release;
		};
		4D26AEF924AB19CC00003272 /* Debug */ = {
			isa = XCBuildConfiguration;
			baseConfigurationReference = E2D863CA6A93856525271B43 /* Pods-KakaoTalkCopyRe.debug.xcconfig */;
			buildSettings = {
				ASSETCATALOG_COMPILER_APPICON_NAME = AppIcon;
				CODE_SIGN_STYLE = Automatic;
				DEVELOPMENT_TEAM = 43XF8A43V8;
				INFOPLIST_FILE = KakaoTalkCopyRe/Info.plist;
				LD_RUNPATH_SEARCH_PATHS = (
					"$(inherited)",
					"@executable_path/Frameworks",
				);
				PRODUCT_BUNDLE_IDENTIFIER = com.alphachip.KakaoTalkCopyRe;
				PRODUCT_NAME = "$(TARGET_NAME)";
				SWIFT_VERSION = 5.0;
				TARGETED_DEVICE_FAMILY = "1,2";
			};
			name = Debug;
		};
		4D26AEFA24AB19CC00003272 /* Release */ = {
			isa = XCBuildConfiguration;
			baseConfigurationReference = BFD4B84450BF7C86785B489A /* Pods-KakaoTalkCopyRe.release.xcconfig */;
			buildSettings = {
				ASSETCATALOG_COMPILER_APPICON_NAME = AppIcon;
				CODE_SIGN_STYLE = Automatic;
				DEVELOPMENT_TEAM = 43XF8A43V8;
				INFOPLIST_FILE = KakaoTalkCopyRe/Info.plist;
				LD_RUNPATH_SEARCH_PATHS = (
					"$(inherited)",
					"@executable_path/Frameworks",
				);
				PRODUCT_BUNDLE_IDENTIFIER = com.alphachip.KakaoTalkCopyRe;
				PRODUCT_NAME = "$(TARGET_NAME)";
				SWIFT_VERSION = 5.0;
				TARGETED_DEVICE_FAMILY = "1,2";
			};
			name = Release;
		};
/* End XCBuildConfiguration section */

/* Begin XCConfigurationList section */
		4D26AEDF24AB19CB00003272 /* Build configuration list for PBXProject "KakaoTalkCopyRe" */ = {
			isa = XCConfigurationList;
			buildConfigurations = (
				4D26AEF624AB19CC00003272 /* Debug */,
				4D26AEF724AB19CC00003272 /* Release */,
			);
			defaultConfigurationIsVisible = 0;
			defaultConfigurationName = Release;
		};
		4D26AEF824AB19CC00003272 /* Build configuration list for PBXNativeTarget "KakaoTalkCopyRe" */ = {
			isa = XCConfigurationList;
			buildConfigurations = (
				4D26AEF924AB19CC00003272 /* Debug */,
				4D26AEFA24AB19CC00003272 /* Release */,
			);
			defaultConfigurationIsVisible = 0;
			defaultConfigurationName = Release;
		};
/* End XCConfigurationList section */
	};
	rootObject = 4D26AEDC24AB19CB00003272 /* Project object */;
}
